
Microsoft Visual Studio Solution File, Format Version 12.00
# Visual Studio 15
VisualStudioVersion = 15.0.27004.2010
MinimumVisualStudioVersion = 10.0.40219.1
Project("{FAE04EC0-301F-11D3-BF4B-00C04F79EFBC}") = "Homework5", "Homework5\Homework5.csproj", "{B2DB0EF2-6D75-4581-896D-0E9920458A8F}"
EndProject
Global
	GlobalSection(SolutionConfigurationPlatforms) = preSolution
		Debug|Any CPU = Debug|Any CPU
		Release|Any CPU = Release|Any CPU
	EndGlobalSection
	GlobalSection(ProjectConfigurationPlatforms) = postSolution
		{B2DB0EF2-6D75-4581-896D-0E9920458A8F}.Debug|Any CPU.ActiveCfg = Debug|Any CPU
		{B2DB0EF2-6D75-4581-896D-0E9920458A8F}.Debug|Any CPU.Build.0 = Debug|Any CPU
		{B2DB0EF2-6D75-4581-896D-0E9920458A8F}.Release|Any CPU.ActiveCfg = Release|Any CPU
		{B2DB0EF2-6D75-4581-896D-0E9920458A8F}.Release|Any CPU.Build.0 = Release|Any CPU
	EndGlobalSection
	GlobalSection(SolutionProperties) = preSolution
		HideSolutionNode = FALSE
	EndGlobalSection
	GlobalSection(ExtensibilityGlobals) = postSolution
		SolutionGuid = {183AA30F-0E5D-4977-8BE7-DE8567D52649}
	EndGlobalSection
EndGlobal
